
Microsoft Visual Studio Solution File, Format Version 12.00
# Visual Studio 15
VisualStudioVersion = 15.0.28307.168
MinimumVisualStudioVersion = 10.0.40219.1
Project("{FAE04EC0-301F-11D3-BF4B-00C04F79EFBC}") = "LotteryGenius.Mobile.Android", "LotteryGenius.Mobile\LotteryGenius.Mobile.Android\LotteryGenius.Mobile.Android.csproj", "{4056A0E8-C22C-4AD1-B971-89DBA86D7C8C}"
EndProject
Project("{FAE04EC0-301F-11D3-BF4B-00C04F79EFBC}") = "LotteryGenius.Mobile.iOS", "LotteryGenius.Mobile\LotteryGenius.Mobile.iOS\LotteryGenius.Mobile.iOS.csproj", "{00144A99-D464-451D-ADB3-822CCF4C9092}"
EndProject
Project("{FAE04EC0-301F-11D3-BF4B-00C04F79EFBC}") = "LotteryGenius.Mobile.UWP", "LotteryGenius.Mobile\LotteryGenius.Mobile.UWP\LotteryGenius.Mobile.UWP.csproj", "{474E4F27-6EDD-4E3D-BD26-9A0A46555B7E}"
EndProject
Project("{FAE04EC0-301F-11D3-BF4B-00C04F79EFBC}") = "LotteryGenius.Mobile", "LotteryGenius.Mobile\LotteryGenius.Mobile\LotteryGenius.Mobile.csproj", "{19824EBA-CB27-436A-811D-7E083801FE76}"
EndProject
Global
	GlobalSection(SolutionConfigurationPlatforms) = preSolution
		Ad-Hoc|Any CPU = Ad-Hoc|Any CPU
		Ad-Hoc|ARM = Ad-Hoc|ARM
		Ad-Hoc|iPhone = Ad-Hoc|iPhone
		Ad-Hoc|iPhoneSimulator = Ad-Hoc|iPhoneSimulator
		Ad-Hoc|x64 = Ad-Hoc|x64
		Ad-Hoc|x86 = Ad-Hoc|x86
		AppStore|Any CPU = AppStore|Any CPU
		AppStore|ARM = AppStore|ARM
		AppStore|iPhone = AppStore|iPhone
		AppStore|iPhoneSimulator = AppStore|iPhoneSimulator
		AppStore|x64 = AppStore|x64
		AppStore|x86 = AppStore|x86
		Debug|Any CPU = Debug|Any CPU
		Debug|ARM = Debug|ARM
		Debug|iPhone = Debug|iPhone
		Debug|iPhoneSimulator = Debug|iPhoneSimulator
		Debug|x64 = Debug|x64
		Debug|x86 = Debug|x86
		Release|Any CPU = Release|Any CPU
		Release|ARM = Release|ARM
		Release|iPhone = Release|iPhone
		Release|iPhoneSimulator = Release|iPhoneSimulator
		Release|x64 = Release|x64
		Release|x86 = Release|x86
	EndGlobalSection
	GlobalSection(ProjectConfigurationPlatforms) = postSolution
		{4056A0E8-C22C-4AD1-B971-89DBA86D7C8C}.Ad-Hoc|Any CPU.ActiveCfg = Release|Any CPU
		{4056A0E8-C22C-4AD1-B971-89DBA86D7C8C}.Ad-Hoc|Any CPU.Build.0 = Release|Any CPU
		{4056A0E8-C22C-4AD1-B971-89DBA86D7C8C}.Ad-Hoc|Any CPU.Deploy.0 = Release|Any CPU
		{4056A0E8-C22C-4AD1-B971-89DBA86D7C8C}.Ad-Hoc|ARM.ActiveCfg = Release|Any CPU
		{4056A0E8-C22C-4AD1-B971-89DBA86D7C8C}.Ad-Hoc|ARM.Build.0 = Release|Any CPU
		{4056A0E8-C22C-4AD1-B971-89DBA86D7C8C}.Ad-Hoc|ARM.Deploy.0 = Release|Any CPU
		{4056A0E8-C22C-4AD1-B971-89DBA86D7C8C}.Ad-Hoc|iPhone.ActiveCfg = Release|Any CPU
		{4056A0E8-C22C-4AD1-B971-89DBA86D7C8C}.Ad-Hoc|iPhone.Build.0 = Release|Any CPU
		{4056A0E8-C22C-4AD1-B971-89DBA86D7C8C}.Ad-Hoc|iPhone.Deploy.0 = Release|Any CPU
		{4056A0E8-C22C-4AD1-B971-89DBA86D7C8C}.Ad-Hoc|iPhoneSimulator.ActiveCfg = Release|Any CPU
		{4056A0E8-C22C-4AD1-B971-89DBA86D7C8C}.Ad-Hoc|iPhoneSimulator.Build.0 = Release|Any CPU
		{4056A0E8-C22C-4AD1-B971-89DBA86D7C8C}.Ad-Hoc|iPhoneSimulator.Deploy.0 = Release|Any CPU
		{4056A0E8-C22C-4AD1-B971-89DBA86D7C8C}.Ad-Hoc|x64.ActiveCfg = Release|Any CPU
		{4056A0E8-C22C-4AD1-B971-89DBA86D7C8C}.Ad-Hoc|x64.Build.0 = Release|Any CPU
		{4056A0E8-C22C-4AD1-B971-89DBA86D7C8C}.Ad-Hoc|x64.Deploy.0 = Release|Any CPU
		{4056A0E8-C22C-4AD1-B971-89DBA86D7C8C}.Ad-Hoc|x86.ActiveCfg = Release|Any CPU
		{4056A0E8-C22C-4AD1-B971-89DBA86D7C8C}.Ad-Hoc|x86.Build.0 = Release|Any CPU
		{4056A0E8-C22C-4AD1-B971-89DBA86D7C8C}.Ad-Hoc|x86.Deploy.0 = Release|Any CPU
		{4056A0E8-C22C-4AD1-B971-89DBA86D7C8C}.AppStore|Any CPU.ActiveCfg = Release|Any CPU
		{4056A0E8-C22C-4AD1-B971-89DBA86D7C8C}.AppStore|Any CPU.Build.0 = Release|Any CPU
		{4056A0E8-C22C-4AD1-B971-89DBA86D7C8C}.AppStore|Any CPU.Deploy.0 = Release|Any CPU
		{4056A0E8-C22C-4AD1-B971-89DBA86D7C8C}.AppStore|ARM.ActiveCfg = Release|Any CPU
		{4056A0E8-C22C-4AD1-B971-89DBA86D7C8C}.AppStore|ARM.Build.0 = Release|Any CPU
		{4056A0E8-C22C-4AD1-B971-89DBA86D7C8C}.AppStore|ARM.Deploy.0 = Release|Any CPU
		{4056A0E8-C22C-4AD1-B971-89DBA86D7C8C}.AppStore|iPhone.ActiveCfg = Release|Any CPU
		{4056A0E8-C22C-4AD1-B971-89DBA86D7C8C}.AppStore|iPhone.Build.0 = Release|Any CPU
		{4056A0E8-C22C-4AD1-B971-89DBA86D7C8C}.AppStore|iPhone.Deploy.0 = Release|Any CPU
		{4056A0E8-C22C-4AD1-B971-89DBA86D7C8C}.AppStore|iPhoneSimulator.ActiveCfg = Release|Any CPU
		{4056A0E8-C22C-4AD1-B971-89DBA86D7C8C}.AppStore|iPhoneSimulator.Build.0 = Release|Any CPU
		{4056A0E8-C22C-4AD1-B971-89DBA86D7C8C}.AppStore|iPhoneSimulator.Deploy.0 = Release|Any CPU
		{4056A0E8-C22C-4AD1-B971-89DBA86D7C8C}.AppStore|x64.ActiveCfg = Release|Any CPU
		{4056A0E8-C22C-4AD1-B971-89DBA86D7C8C}.AppStore|x64.Build.0 = Release|Any CPU
		{4056A0E8-C22C-4AD1-B971-89DBA86D7C8C}.AppStore|x64.Deploy.0 = Release|Any CPU
		{4056A0E8-C22C-4AD1-B971-89DBA86D7C8C}.AppStore|x86.ActiveCfg = Release|Any CPU
		{4056A0E8-C22C-4AD1-B971-89DBA86D7C8C}.AppStore|x86.Build.0 = Release|Any CPU
		{4056A0E8-C22C-4AD1-B971-89DBA86D7C8C}.AppStore|x86.Deploy.0 = Release|Any CPU
		{4056A0E8-C22C-4AD1-B971-89DBA86D7C8C}.Debug|Any CPU.ActiveCfg = Debug|Any CPU
		{4056A0E8-C22C-4AD1-B971-89DBA86D7C8C}.Debug|Any CPU.Build.0 = Debug|Any CPU
		{4056A0E8-C22C-4AD1-B971-89DBA86D7C8C}.Debug|Any CPU.Deploy.0 = Debug|Any CPU
		{4056A0E8-C22C-4AD1-B971-89DBA86D7C8C}.Debug|ARM.ActiveCfg = Debug|Any CPU
		{4056A0E8-C22C-4AD1-B971-89DBA86D7C8C}.Debug|ARM.Build.0 = Debug|Any CPU
		{4056A0E8-C22C-4AD1-B971-89DBA86D7C8C}.Debug|ARM.Deploy.0 = Debug|Any CPU
		{4056A0E8-C22C-4AD1-B971-89DBA86D7C8C}.Debug|iPhone.ActiveCfg = Debug|Any CPU
		{4056A0E8-C22C-4AD1-B971-89DBA86D7C8C}.Debug|iPhone.Build.0 = Debug|Any CPU
		{4056A0E8-C22C-4AD1-B971-89DBA86D7C8C}.Debug|iPhone.Deploy.0 = Debug|Any CPU
		{4056A0E8-C22C-4AD1-B971-89DBA86D7C8C}.Debug|iPhoneSimulator.ActiveCfg = Debug|Any CPU
		{4056A0E8-C22C-4AD1-B971-89DBA86D7C8C}.Debug|iPhoneSimulator.Build.0 = Debug|Any CPU
		{4056A0E8-C22C-4AD1-B971-89DBA86D7C8C}.Debug|iPhoneSimulator.Deploy.0 = Debug|Any CPU
		{4056A0E8-C22C-4AD1-B971-89DBA86D7C8C}.Debug|x64.ActiveCfg = Debug|Any CPU
		{4056A0E8-C22C-4AD1-B971-89DBA86D7C8C}.Debug|x64.Build.0 = Debug|Any CPU
		{4056A0E8-C22C-4AD1-B971-89DBA86D7C8C}.Debug|x64.Deploy.0 = Debug|Any CPU
		{4056A0E8-C22C-4AD1-B971-89DBA86D7C8C}.Debug|x86.ActiveCfg = Debug|Any CPU
		{4056A0E8-C22C-4AD1-B971-89DBA86D7C8C}.Debug|x86.Build.0 = Debug|Any CPU
		{4056A0E8-C22C-4AD1-B971-89DBA86D7C8C}.Debug|x86.Deploy.0 = Debug|Any CPU
		{4056A0E8-C22C-4AD1-B971-89DBA86D7C8C}.Release|Any CPU.ActiveCfg = Release|Any CPU
		{4056A0E8-C22C-4AD1-B971-89DBA86D7C8C}.Release|Any CPU.Build.0 = Release|Any CPU
		{4056A0E8-C22C-4AD1-B971-89DBA86D7C8C}.Release|Any CPU.Deploy.0 = Release|Any CPU
		{4056A0E8-C22C-4AD1-B971-89DBA86D7C8C}.Release|ARM.ActiveCfg = Release|Any CPU
		{4056A0E8-C22C-4AD1-B971-89DBA86D7C8C}.Release|ARM.Build.0 = Release|Any CPU
		{4056A0E8-C22C-4AD1-B971-89DBA86D7C8C}.Release|ARM.Deploy.0 = Release|Any CPU
		{4056A0E8-C22C-4AD1-B971-89DBA86D7C8C}.Release|iPhone.ActiveCfg = Release|Any CPU
		{4056A0E8-C22C-4AD1-B971-89DBA86D7C8C}.Release|iPhone.Build.0 = Release|Any CPU
		{4056A0E8-C22C-4AD1-B971-89DBA86D7C8C}.Release|iPhone.Deploy.0 = Release|Any CPU
		{4056A0E8-C22C-4AD1-B971-89DBA86D7C8C}.Release|iPhoneSimulator.ActiveCfg = Release|Any CPU
		{4056A0E8-C22C-4AD1-B971-89DBA86D7C8C}.Release|iPhoneSimulator.Build.0 = Release|Any CPU
		{4056A0E8-C22C-4AD1-B971-89DBA86D7C8C}.Release|iPhoneSimulator.Deploy.0 = Release|Any CPU
		{4056A0E8-C22C-4AD1-B971-89DBA86D7C8C}.Release|x64.ActiveCfg = Release|Any CPU
		{4056A0E8-C22C-4AD1-B971-89DBA86D7C8C}.Release|x64.Build.0 = Release|Any CPU
		{4056A0E8-C22C-4AD1-B971-89DBA86D7C8C}.Release|x64.Deploy.0 = Release|Any CPU
		{4056A0E8-C22C-4AD1-B971-89DBA86D7C8C}.Release|x86.ActiveCfg = Release|Any CPU
		{4056A0E8-C22C-4AD1-B971-89DBA86D7C8C}.Release|x86.Build.0 = Release|Any CPU
		{4056A0E8-C22C-4AD1-B971-89DBA86D7C8C}.Release|x86.Deploy.0 = Release|Any CPU
		{00144A99-D464-451D-ADB3-822CCF4C9092}.Ad-Hoc|Any CPU.ActiveCfg = Ad-Hoc|iPhone
		{00144A99-D464-451D-ADB3-822CCF4C9092}.Ad-Hoc|Any CPU.Build.0 = Ad-Hoc|iPhone
		{00144A99-D464-451D-ADB3-822CCF4C9092}.Ad-Hoc|Any CPU.Deploy.0 = Ad-Hoc|iPhone
		{00144A99-D464-451D-ADB3-822CCF4C9092}.Ad-Hoc|ARM.ActiveCfg = Ad-Hoc|iPhone
		{00144A99-D464-451D-ADB3-822CCF4C9092}.Ad-Hoc|ARM.Build.0 = Ad-Hoc|iPhone
		{00144A99-D464-451D-ADB3-822CCF4C9092}.Ad-Hoc|ARM.Deploy.0 = Ad-Hoc|iPhone
		{00144A99-D464-451D-ADB3-822CCF4C9092}.Ad-Hoc|iPhone.ActiveCfg = Ad-Hoc|iPhone
		{00144A99-D464-451D-ADB3-822CCF4C9092}.Ad-Hoc|iPhone.Build.0 = Ad-Hoc|iPhone
		{00144A99-D464-451D-ADB3-822CCF4C9092}.Ad-Hoc|iPhone.Deploy.0 = Ad-Hoc|iPhone
		{00144A99-D464-451D-ADB3-822CCF4C9092}.Ad-Hoc|iPhoneSimulator.ActiveCfg = Ad-Hoc|iPhoneSimulator
		{00144A99-D464-451D-ADB3-822CCF4C9092}.Ad-Hoc|iPhoneSimulator.Build.0 = Ad-Hoc|iPhoneSimulator
		{00144A99-D464-451D-ADB3-822CCF4C9092}.Ad-Hoc|iPhoneSimulator.Deploy.0 = Ad-Hoc|iPhoneSimulator
		{00144A99-D464-451D-ADB3-822CCF4C9092}.Ad-Hoc|x64.ActiveCfg = Ad-Hoc|iPhone
		{00144A99-D464-451D-ADB3-822CCF4C9092}.Ad-Hoc|x64.Build.0 = Ad-Hoc|iPhone
		{00144A99-D464-451D-ADB3-822CCF4C9092}.Ad-Hoc|x64.Deploy.0 = Ad-Hoc|iPhone
		{00144A99-D464-451D-ADB3-822CCF4C9092}.Ad-Hoc|x86.ActiveCfg = Ad-Hoc|iPhone
		{00144A99-D464-451D-ADB3-822CCF4C9092}.Ad-Hoc|x86.Build.0 = Ad-Hoc|iPhone
		{00144A99-D464-451D-ADB3-822CCF4C9092}.Ad-Hoc|x86.Deploy.0 = Ad-Hoc|iPhone
		{00144A99-D464-451D-ADB3-822CCF4C9092}.AppStore|Any CPU.ActiveCfg = AppStore|iPhone
		{00144A99-D464-451D-ADB3-822CCF4C9092}.AppStore|Any CPU.Build.0 = AppStore|iPhone
		{00144A99-D464-451D-ADB3-822CCF4C9092}.AppStore|Any CPU.Deploy.0 = AppStore|iPhone
		{00144A99-D464-451D-ADB3-822CCF4C9092}.AppStore|ARM.ActiveCfg = AppStore|iPhone
		{00144A99-D464-451D-ADB3-822CCF4C9092}.AppStore|ARM.Build.0 = AppStore|iPhone
		{00144A99-D464-451D-ADB3-822CCF4C9092}.AppStore|ARM.Deploy.0 = AppStore|iPhone
		{00144A99-D464-451D-ADB3-822CCF4C9092}.AppStore|iPhone.ActiveCfg = AppStore|iPhone
		{00144A99-D464-451D-ADB3-822CCF4C9092}.AppStore|iPhone.Build.0 = AppStore|iPhone
		{00144A99-D464-451D-ADB3-822CCF4C9092}.AppStore|iPhone.Deploy.0 = AppStore|iPhone
		{00144A99-D464-451D-ADB3-822CCF4C9092}.AppStore|iPhoneSimulator.ActiveCfg = AppStore|iPhoneSimulator
		{00144A99-D464-451D-ADB3-822CCF4C9092}.AppStore|iPhoneSimulator.Build.0 = AppStore|iPhoneSimulator
		{00144A99-D464-451D-ADB3-822CCF4C9092}.AppStore|iPhoneSimulator.Deploy.0 = AppStore|iPhoneSimulator
		{00144A99-D464-451D-ADB3-822CCF4C9092}.AppStore|x64.ActiveCfg = AppStore|iPhone
		{00144A99-D464-451D-ADB3-822CCF4C9092}.AppStore|x64.Build.0 = AppStore|iPhone
		{00144A99-D464-451D-ADB3-822CCF4C9092}.AppStore|x64.Deploy.0 = AppStore|iPhone
		{00144A99-D464-451D-ADB3-822CCF4C9092}.AppStore|x86.ActiveCfg = AppStore|iPhone
		{00144A99-D464-451D-ADB3-822CCF4C9092}.AppStore|x86.Build.0 = AppStore|iPhone
		{00144A99-D464-451D-ADB3-822CCF4C9092}.AppStore|x86.Deploy.0 = AppStore|iPhone
		{00144A99-D464-451D-ADB3-822CCF4C9092}.Debug|Any CPU.ActiveCfg = Debug|iPhoneSimulator
		{00144A99-D464-451D-ADB3-822CCF4C9092}.Debug|Any CPU.Build.0 = Debug|iPhoneSimulator
		{00144A99-D464-451D-ADB3-822CCF4C9092}.Debug|Any CPU.Deploy.0 = Debug|iPhoneSimulator
		{00144A99-D464-451D-ADB3-822CCF4C9092}.Debug|ARM.ActiveCfg = Debug|iPhone
		{00144A99-D464-451D-ADB3-822CCF4C9092}.Debug|ARM.Build.0 = Debug|iPhone
		{00144A99-D464-451D-ADB3-822CCF4C9092}.Debug|ARM.Deploy.0 = Debug|iPhone
		{00144A99-D464-451D-ADB3-822CCF4C9092}.Debug|iPhone.ActiveCfg = Debug|iPhone
		{00144A99-D464-451D-ADB3-822CCF4C9092}.Debug|iPhone.Build.0 = Debug|iPhone
		{00144A99-D464-451D-ADB3-822CCF4C9092}.Debug|iPhone.Deploy.0 = Debug|iPhone
		{00144A99-D464-451D-ADB3-822CCF4C9092}.Debug|iPhoneSimulator.ActiveCfg = Debug|iPhoneSimulator
		{00144A99-D464-451D-ADB3-822CCF4C9092}.Debug|iPhoneSimulator.Build.0 = Debug|iPhoneSimulator
		{00144A99-D464-451D-ADB3-822CCF4C9092}.Debug|iPhoneSimulator.Deploy.0 = Debug|iPhoneSimulator
		{00144A99-D464-451D-ADB3-822CCF4C9092}.Debug|x64.ActiveCfg = Debug|iPhone
		{00144A99-D464-451D-ADB3-822CCF4C9092}.Debug|x64.Build.0 = Debug|iPhone
		{00144A99-D464-451D-ADB3-822CCF4C9092}.Debug|x64.Deploy.0 = Debug|iPhone
		{00144A99-D464-451D-ADB3-822CCF4C9092}.Debug|x86.ActiveCfg = Debug|iPhone
		{00144A99-D464-451D-ADB3-822CCF4C9092}.Debug|x86.Build.0 = Debug|iPhone
		{00144A99-D464-451D-ADB3-822CCF4C9092}.Debug|x86.Deploy.0 = Debug|iPhone
		{00144A99-D464-451D-ADB3-822CCF4C9092}.Release|Any CPU.ActiveCfg = Release|iPhone
		{00144A99-D464-451D-ADB3-822CCF4C9092}.Release|Any CPU.Build.0 = Release|iPhone
		{00144A99-D464-451D-ADB3-822CCF4C9092}.Release|Any CPU.Deploy.0 = Release|iPhone
		{00144A99-D464-451D-ADB3-822CCF4C9092}.Release|ARM.ActiveCfg = Release|iPhone
		{00144A99-D464-451D-ADB3-822CCF4C9092}.Release|ARM.Build.0 = Release|iPhone
		{00144A99-D464-451D-ADB3-822CCF4C9092}.Release|ARM.Deploy.0 = Release|iPhone
		{00144A99-D464-451D-ADB3-822CCF4C9092}.Release|iPhone.ActiveCfg = Release|iPhone
		{00144A99-D464-451D-ADB3-822CCF4C9092}.Release|iPhone.Build.0 = Release|iPhone
		{00144A99-D464-451D-ADB3-822CCF4C9092}.Release|iPhone.Deploy.0 = Release|iPhone
		{00144A99-D464-451D-ADB3-822CCF4C9092}.Release|iPhoneSimulator.ActiveCfg = Release|iPhoneSimulator
		{00144A99-D464-451D-ADB3-822CCF4C9092}.Release|iPhoneSimulator.Build.0 = Release|iPhoneSimulator
		{00144A99-D464-451D-ADB3-822CCF4C9092}.Release|iPhoneSimulator.Deploy.0 = Release|iPhoneSimulator
		{00144A99-D464-451D-ADB3-822CCF4C9092}.Release|x64.ActiveCfg = Release|iPhone
		{00144A99-D464-451D-ADB3-822CCF4C9092}.Release|x64.Build.0 = Release|iPhone
		{00144A99-D464-451D-ADB3-822CCF4C9092}.Release|x64.Deploy.0 = Release|iPhone
		{00144A99-D464-451D-ADB3-822CCF4C9092}.Release|x86.ActiveCfg = Release|iPhone
		{00144A99-D464-451D-ADB3-822CCF4C9092}.Release|x86.Build.0 = Release|iPhone
		{00144A99-D464-451D-ADB3-822CCF4C9092}.Release|x86.Deploy.0 = Release|iPhone
		{474E4F27-6EDD-4E3D-BD26-9A0A46555B7E}.Ad-Hoc|Any CPU.ActiveCfg = Release|x86
		{474E4F27-6EDD-4E3D-BD26-9A0A46555B7E}.Ad-Hoc|Any CPU.Build.0 = Release|x86
		{474E4F27-6EDD-4E3D-BD26-9A0A46555B7E}.Ad-Hoc|Any CPU.Deploy.0 = Release|x86
		{474E4F27-6EDD-4E3D-BD26-9A0A46555B7E}.Ad-Hoc|ARM.ActiveCfg = Release|ARM
		{474E4F27-6EDD-4E3D-BD26-9A0A46555B7E}.Ad-Hoc|ARM.Build.0 = Release|ARM
		{474E4F27-6EDD-4E3D-BD26-9A0A46555B7E}.Ad-Hoc|ARM.Deploy.0 = Release|ARM
		{474E4F27-6EDD-4E3D-BD26-9A0A46555B7E}.Ad-Hoc|iPhone.ActiveCfg = Release|x86
		{474E4F27-6EDD-4E3D-BD26-9A0A46555B7E}.Ad-Hoc|iPhone.Build.0 = Release|x86
		{474E4F27-6EDD-4E3D-BD26-9A0A46555B7E}.Ad-Hoc|iPhone.Deploy.0 = Release|x86
		{474E4F27-6EDD-4E3D-BD26-9A0A46555B7E}.Ad-Hoc|iPhoneSimulator.ActiveCfg = Release|x86
		{474E4F27-6EDD-4E3D-BD26-9A0A46555B7E}.Ad-Hoc|iPhoneSimulator.Build.0 = Release|x86
		{474E4F27-6EDD-4E3D-BD26-9A0A46555B7E}.Ad-Hoc|iPhoneSimulator.Deploy.0 = Release|x86
		{474E4F27-6EDD-4E3D-BD26-9A0A46555B7E}.Ad-Hoc|x64.ActiveCfg = Release|x64
		{474E4F27-6EDD-4E3D-BD26-9A0A46555B7E}.Ad-Hoc|x64.Build.0 = Release|x64
		{474E4F27-6EDD-4E3D-BD26-9A0A46555B7E}.Ad-Hoc|x64.Deploy.0 = Release|x64
		{474E4F27-6EDD-4E3D-BD26-9A0A46555B7E}.Ad-Hoc|x86.ActiveCfg = Release|x86
		{474E4F27-6EDD-4E3D-BD26-9A0A46555B7E}.Ad-Hoc|x86.Build.0 = Release|x86
		{474E4F27-6EDD-4E3D-BD26-9A0A46555B7E}.Ad-Hoc|x86.Deploy.0 = Release|x86
		{474E4F27-6EDD-4E3D-BD26-9A0A46555B7E}.AppStore|Any CPU.ActiveCfg = Release|x86
		{474E4F27-6EDD-4E3D-BD26-9A0A46555B7E}.AppStore|Any CPU.Build.0 = Release|x86
		{474E4F27-6EDD-4E3D-BD26-9A0A46555B7E}.AppStore|Any CPU.Deploy.0 = Release|x86
		{474E4F27-6EDD-4E3D-BD26-9A0A46555B7E}.AppStore|ARM.ActiveCfg = Release|ARM
		{474E4F27-6EDD-4E3D-BD26-9A0A46555B7E}.AppStore|ARM.Build.0 = Release|ARM
		{474E4F27-6EDD-4E3D-BD26-9A0A46555B7E}.AppStore|ARM.Deploy.0 = Release|ARM
		{474E4F27-6EDD-4E3D-BD26-9A0A46555B7E}.AppStore|iPhone.ActiveCfg = Release|x86
		{474E4F27-6EDD-4E3D-BD26-9A0A46555B7E}.AppStore|iPhone.Build.0 = Release|x86
		{474E4F27-6EDD-4E3D-BD26-9A0A46555B7E}.AppStore|iPhone.Deploy.0 = Release|x86
		{474E4F27-6EDD-4E3D-BD26-9A0A46555B7E}.AppStore|iPhoneSimulator.ActiveCfg = Release|x86
		{474E4F27-6EDD-4E3D-BD26-9A0A46555B7E}.AppStore|iPhoneSimulator.Build.0 = Release|x86
		{474E4F27-6EDD-4E3D-BD26-9A0A46555B7E}.AppStore|iPhoneSimulator.Deploy.0 = Release|x86
		{474E4F27-6EDD-4E3D-BD26-9A0A46555B7E}.AppStore|x64.ActiveCfg = Release|x64
		{474E4F27-6EDD-4E3D-BD26-9A0A46555B7E}.AppStore|x64.Build.0 = Release|x64
		{474E4F27-6EDD-4E3D-BD26-9A0A46555B7E}.AppStore|x64.Deploy.0 = Release|x64
		{474E4F27-6EDD-4E3D-BD26-9A0A46555B7E}.AppStore|x86.ActiveCfg = Release|x86
		{474E4F27-6EDD-4E3D-BD26-9A0A46555B7E}.AppStore|x86.Build.0 = Release|x86
		{474E4F27-6EDD-4E3D-BD26-9A0A46555B7E}.AppStore|x86.Deploy.0 = Release|x86
		{474E4F27-6EDD-4E3D-BD26-9A0A46555B7E}.Debug|Any CPU.ActiveCfg = Debug|x86
		{474E4F27-6EDD-4E3D-BD26-9A0A46555B7E}.Debug|Any CPU.Build.0 = Debug|x86
		{474E4F27-6EDD-4E3D-BD26-9A0A46555B7E}.Debug|Any CPU.Deploy.0 = Debug|x86
		{474E4F27-6EDD-4E3D-BD26-9A0A46555B7E}.Debug|ARM.ActiveCfg = Debug|ARM
		{474E4F27-6EDD-4E3D-BD26-9A0A46555B7E}.Debug|ARM.Build.0 = Debug|ARM
		{474E4F27-6EDD-4E3D-BD26-9A0A46555B7E}.Debug|ARM.Deploy.0 = Debug|ARM
		{474E4F27-6EDD-4E3D-BD26-9A0A46555B7E}.Debug|iPhone.ActiveCfg = Debug|x86
		{474E4F27-6EDD-4E3D-BD26-9A0A46555B7E}.Debug|iPhone.Build.0 = Debug|x86
		{474E4F27-6EDD-4E3D-BD26-9A0A46555B7E}.Debug|iPhone.Deploy.0 = Debug|x86
		{474E4F27-6EDD-4E3D-BD26-9A0A46555B7E}.Debug|iPhoneSimulator.ActiveCfg = Debug|x86
		{474E4F27-6EDD-4E3D-BD26-9A0A46555B7E}.Debug|iPhoneSimulator.Build.0 = Debug|x86
		{474E4F27-6EDD-4E3D-BD26-9A0A46555B7E}.Debug|iPhoneSimulator.Deploy.0 = Debug|x86
		{474E4F27-6EDD-4E3D-BD26-9A0A46555B7E}.Debug|x64.ActiveCfg = Debug|x64
		{474E4F27-6EDD-4E3D-BD26-9A0A46555B7E}.Debug|x64.Build.0 = Debug|x64
		{474E4F27-6EDD-4E3D-BD26-9A0A46555B7E}.Debug|x64.Deploy.0 = Debug|x64
		{474E4F27-6EDD-4E3D-BD26-9A0A46555B7E}.Debug|x86.ActiveCfg = Debug|x86
		{474E4F27-6EDD-4E3D-BD26-9A0A46555B7E}.Debug|x86.Build.0 = Debug|x86
		{474E4F27-6EDD-4E3D-BD26-9A0A46555B7E}.Debug|x86.Deploy.0 = Debug|x86
		{474E4F27-6EDD-4E3D-BD26-9A0A46555B7E}.Release|Any CPU.ActiveCfg = Release|x86
		{474E4F27-6EDD-4E3D-BD26-9A0A46555B7E}.Release|Any CPU.Build.0 = Release|x86
		{474E4F27-6EDD-4E3D-BD26-9A0A46555B7E}.Release|Any CPU.Deploy.0 = Release|x86
		{474E4F27-6EDD-4E3D-BD26-9A0A46555B7E}.Release|ARM.ActiveCfg = Release|ARM
		{474E4F27-6EDD-4E3D-BD26-9A0A46555B7E}.Release|ARM.Build.0 = Release|ARM
		{474E4F27-6EDD-4E3D-BD26-9A0A46555B7E}.Release|ARM.Deploy.0 = Release|ARM
		{474E4F27-6EDD-4E3D-BD26-9A0A46555B7E}.Release|iPhone.ActiveCfg = Release|x86
		{474E4F27-6EDD-4E3D-BD26-9A0A46555B7E}.Release|iPhone.Build.0 = Release|x86
		{474E4F27-6EDD-4E3D-BD26-9A0A46555B7E}.Release|iPhone.Deploy.0 = Release|x86
		{474E4F27-6EDD-4E3D-BD26-9A0A46555B7E}.Release|iPhoneSimulator.ActiveCfg = Release|x86
		{474E4F27-6EDD-4E3D-BD26-9A0A46555B7E}.Release|iPhoneSimulator.Build.0 = Release|x86
		{474E4F27-6EDD-4E3D-BD26-9A0A46555B7E}.Release|iPhoneSimulator.Deploy.0 = Release|x86
		{474E4F27-6EDD-4E3D-BD26-9A0A46555B7E}.Release|x64.ActiveCfg = Release|x64
		{474E4F27-6EDD-4E3D-BD26-9A0A46555B7E}.Release|x64.Build.0 = Release|x64
		{474E4F27-6EDD-4E3D-BD26-9A0A46555B7E}.Release|x64.Deploy.0 = Release|x64
		{474E4F27-6EDD-4E3D-BD26-9A0A46555B7E}.Release|x86.ActiveCfg = Release|x86
		{474E4F27-6EDD-4E3D-BD26-9A0A46555B7E}.Release|x86.Build.0 = Release|x86
		{474E4F27-6EDD-4E3D-BD26-9A0A46555B7E}.Release|x86.Deploy.0 = Release|x86
		{19824EBA-CB27-436A-811D-7E083801FE76}.Ad-Hoc|Any CPU.ActiveCfg = Debug|Any CPU
		{19824EBA-CB27-436A-811D-7E083801FE76}.Ad-Hoc|Any CPU.Build.0 = Debug|Any CPU
		{19824EBA-CB27-436A-811D-7E083801FE76}.Ad-Hoc|Any CPU.Deploy.0 = Debug|Any CPU
		{19824EBA-CB27-436A-811D-7E083801FE76}.Ad-Hoc|ARM.ActiveCfg = Debug|Any CPU
		{19824EBA-CB27-436A-811D-7E083801FE76}.Ad-Hoc|ARM.Build.0 = Debug|Any CPU
		{19824EBA-CB27-436A-811D-7E083801FE76}.Ad-Hoc|ARM.Deploy.0 = Debug|Any CPU
		{19824EBA-CB27-436A-811D-7E083801FE76}.Ad-Hoc|iPhone.ActiveCfg = Debug|Any CPU
		{19824EBA-CB27-436A-811D-7E083801FE76}.Ad-Hoc|iPhone.Build.0 = Debug|Any CPU
		{19824EBA-CB27-436A-811D-7E083801FE76}.Ad-Hoc|iPhone.Deploy.0 = Debug|Any CPU
		{19824EBA-CB27-436A-811D-7E083801FE76}.Ad-Hoc|iPhoneSimulator.ActiveCfg = Debug|Any CPU
		{19824EBA-CB27-436A-811D-7E083801FE76}.Ad-Hoc|iPhoneSimulator.Build.0 = Debug|Any CPU
		{19824EBA-CB27-436A-811D-7E083801FE76}.Ad-Hoc|iPhoneSimulator.Deploy.0 = Debug|Any CPU
		{19824EBA-CB27-436A-811D-7E083801FE76}.Ad-Hoc|x64.ActiveCfg = Debug|Any CPU
		{19824EBA-CB27-436A-811D-7E083801FE76}.Ad-Hoc|x64.Build.0 = Debug|Any CPU
		{19824EBA-CB27-436A-811D-7E083801FE76}.Ad-Hoc|x64.Deploy.0 = Debug|Any CPU
		{19824EBA-CB27-436A-811D-7E083801FE76}.Ad-Hoc|x86.ActiveCfg = Debug|Any CPU
		{19824EBA-CB27-436A-811D-7E083801FE76}.Ad-Hoc|x86.Build.0 = Debug|Any CPU
		{19824EBA-CB27-436A-811D-7E083801FE76}.Ad-Hoc|x86.Deploy.0 = Debug|Any CPU
		{19824EBA-CB27-436A-811D-7E083801FE76}.AppStore|Any CPU.ActiveCfg = Debug|Any CPU
		{19824EBA-CB27-436A-811D-7E083801FE76}.AppStore|Any CPU.Build.0 = Debug|Any CPU
		{19824EBA-CB27-436A-811D-7E083801FE76}.AppStore|Any CPU.Deploy.0 = Debug|Any CPU
		{19824EBA-CB27-436A-811D-7E083801FE76}.AppStore|ARM.ActiveCfg = Debug|Any CPU
		{19824EBA-CB27-436A-811D-7E083801FE76}.AppStore|ARM.Build.0 = Debug|Any CPU
		{19824EBA-CB27-436A-811D-7E083801FE76}.AppStore|ARM.Deploy.0 = Debug|Any CPU
		{19824EBA-CB27-436A-811D-7E083801FE76}.AppStore|iPhone.ActiveCfg = Debug|Any CPU
		{19824EBA-CB27-436A-811D-7E083801FE76}.AppStore|iPhone.Build.0 = Debug|Any CPU
		{19824EBA-CB27-436A-811D-7E083801FE76}.AppStore|iPhone.Deploy.0 = Debug|Any CPU
		{19824EBA-CB27-436A-811D-7E083801FE76}.AppStore|iPhoneSimulator.ActiveCfg = Debug|Any CPU
		{19824EBA-CB27-436A-811D-7E083801FE76}.AppStore|iPhoneSimulator.Build.0 = Debug|Any CPU
		{19824EBA-CB27-436A-811D-7E083801FE76}.AppStore|iPhoneSimulator.Deploy.0 = Debug|Any CPU
		{19824EBA-CB27-436A-811D-7E083801FE76}.AppStore|x64.ActiveCfg = Debug|Any CPU
		{19824EBA-CB27-436A-811D-7E083801FE76}.AppStore|x64.Build.0 = Debug|Any CPU
		{19824EBA-CB27-436A-811D-7E083801FE76}.AppStore|x64.Deploy.0 = Debug|Any CPU
		{19824EBA-CB27-436A-811D-7E083801FE76}.AppStore|x86.ActiveCfg = Debug|Any CPU
		{19824EBA-CB27-436A-811D-7E083801FE76}.AppStore|x86.Build.0 = Debug|Any CPU
		{19824EBA-CB27-436A-811D-7E083801FE76}.AppStore|x86.Deploy.0 = Debug|Any CPU
		{19824EBA-CB27-436A-811D-7E083801FE76}.Debug|Any CPU.ActiveCfg = Debug|Any CPU
		{19824EBA-CB27-436A-811D-7E083801FE76}.Debug|Any CPU.Build.0 = Debug|Any CPU
		{19824EBA-CB27-436A-811D-7E083801FE76}.Debug|Any CPU.Deploy.0 = Debug|Any CPU
		{19824EBA-CB27-436A-811D-7E083801FE76}.Debug|ARM.ActiveCfg = Debug|Any CPU
		{19824EBA-CB27-436A-811D-7E083801FE76}.Debug|ARM.Build.0 = Debug|Any CPU
		{19824EBA-CB27-436A-811D-7E083801FE76}.Debug|ARM.Deploy.0 = Debug|Any CPU
		{19824EBA-CB27-436A-811D-7E083801FE76}.Debug|iPhone.ActiveCfg = Debug|Any CPU
		{19824EBA-CB27-436A-811D-7E083801FE76}.Debug|iPhone.Build.0 = Debug|Any CPU
		{19824EBA-CB27-436A-811D-7E083801FE76}.Debug|iPhone.Deploy.0 = Debug|Any CPU
		{19824EBA-CB27-436A-811D-7E083801FE76}.Debug|iPhoneSimulator.ActiveCfg = Debug|Any CPU
		{19824EBA-CB27-436A-811D-7E083801FE76}.Debug|iPhoneSimulator.Build.0 = Debug|Any CPU
		{19824EBA-CB27-436A-811D-7E083801FE76}.Debug|iPhoneSimulator.Deploy.0 = Debug|Any CPU
		{19824EBA-CB27-436A-811D-7E083801FE76}.Debug|x64.ActiveCfg = Debug|Any CPU
		{19824EBA-CB27-436A-811D-7E083801FE76}.Debug|x64.Build.0 = Debug|Any CPU
		{19824EBA-CB27-436A-811D-7E083801FE76}.Debug|x64.Deploy.0 = Debug|Any CPU
		{19824EBA-CB27-436A-811D-7E083801FE76}.Debug|x86.ActiveCfg = Debug|Any CPU
		{19824EBA-CB27-436A-811D-7E083801FE76}.Debug|x86.Build.0 = Debug|Any CPU
		{19824EBA-CB27-436A-811D-7E083801FE76}.Debug|x86.Deploy.0 = Debug|Any CPU
		{19824EBA-CB27-436A-811D-7E083801FE76}.Release|Any CPU.ActiveCfg = Release|Any CPU
		{19824EBA-CB27-436A-811D-7E083801FE76}.Release|Any CPU.Build.0 = Release|Any CPU
		{19824EBA-CB27-436A-811D-7E083801FE76}.Release|Any CPU.Deploy.0 = Release|Any CPU
		{19824EBA-CB27-436A-811D-7E083801FE76}.Release|ARM.ActiveCfg = Release|Any CPU
		{19824EBA-CB27-436A-811D-7E083801FE76}.Release|ARM.Build.0 = Release|Any CPU
		{19824EBA-CB27-436A-811D-7E083801FE76}.Release|ARM.Deploy.0 = Release|Any CPU
		{19824EBA-CB27-436A-811D-7E083801FE76}.Release|iPhone.ActiveCfg = Release|Any CPU
		{19824EBA-CB27-436A-811D-7E083801FE76}.Release|iPhone.Build.0 = Release|Any CPU
		{19824EBA-CB27-436A-811D-7E083801FE76}.Release|iPhone.Deploy.0 = Release|Any CPU
		{19824EBA-CB27-436A-811D-7E083801FE76}.Release|iPhoneSimulator.ActiveCfg = Release|Any CPU
		{19824EBA-CB27-436A-811D-7E083801FE76}.Release|iPhoneSimulator.Build.0 = Release|Any CPU
		{19824EBA-CB27-436A-811D-7E083801FE76}.Release|iPhoneSimulator.Deploy.0 = Release|Any CPU
		{19824EBA-CB27-436A-811D-7E083801FE76}.Release|x64.ActiveCfg = Release|Any CPU
		{19824EBA-CB27-436A-811D-7E083801FE76}.Release|x64.Build.0 = Release|Any CPU
		{19824EBA-CB27-436A-811D-7E083801FE76}.Release|x64.Deploy.0 = Release|Any CPU
		{19824EBA-CB27-436A-811D-7E083801FE76}.Release|x86.ActiveCfg = Release|Any CPU
		{19824EBA-CB27-436A-811D-7E083801FE76}.Release|x86.Build.0 = Release|Any CPU
		{19824EBA-CB27-436A-811D-7E083801FE76}.Release|x86.Deploy.0 = Release|Any CPU
	EndGlobalSection
	GlobalSection(SolutionProperties) = preSolution
		HideSolutionNode = FALSE
	EndGlobalSection
	GlobalSection(ExtensibilityGlobals) = postSolution
		SolutionGuid = {7F1B499E-E9BB-46D1-91BD-DC85008B8D42}
	EndGlobalSection
EndGlobal
